// !$*UTF8*$!
{
	archiveVersion = 1;
	classes = {
	};
	objectVersion = 50;
	objects = {

/* Begin PBXBuildFile section */
		15FA343722CC95590003641F /* AppDelegate.swift in Sources */ = {isa = PBXBuildFile; fileRef = 15FA343622CC95590003641F /* AppDelegate.swift */; };
		15FA343922CC95590003641F /* ViewController.swift in Sources */ = {isa = PBXBuildFile; fileRef = 15FA343822CC95590003641F /* ViewController.swift */; };
		15FA343C22CC95590003641F /* Main.storyboard in Resources */ = {isa = PBXBuildFile; fileRef = 15FA343A22CC95590003641F /* Main.storyboard */; };
		15FA343F22CC95590003641F /* Hit_jelly.xcdatamodeld in Sources */ = {isa = PBXBuildFile; fileRef = 15FA343D22CC95590003641F /* Hit_jelly.xcdatamodeld */; };
		15FA344122CC955D0003641F /* Assets.xcassets in Resources */ = {isa = PBXBuildFile; fileRef = 15FA344022CC955D0003641F /* Assets.xcassets */; };
		15FA344422CC955D0003641F /* LaunchScreen.storyboard in Resources */ = {isa = PBXBuildFile; fileRef = 15FA344222CC955D0003641F /* LaunchScreen.storyboard */; };
		15FA344F22CC9F350003641F /* Jellyfish.png in Resources */ = {isa = PBXBuildFile; fileRef = 15FA344E22CC9F350003641F /* Jellyfish.png */; };
		15FA345A22CCA24F0003641F /* arts.scnassets in Resources */ = {isa = PBXBuildFile; fileRef = 15FA345922CCA24F0003641F /* arts.scnassets */; };
		921822E1A05CDD2DD3F144AF /* Pods_Hit_jelly.framework in Frameworks */ = {isa = PBXBuildFile; fileRef = 5E88A350C4F902E15076F3B6 /* Pods_Hit_jelly.framework */; };
/* End PBXBuildFile section */

/* Begin PBXFileReference section */
		15FA343322CC95590003641F /* Hit jelly.app */ = {isa = PBXFileReference; explicitFileType = wrapper.application; includeInIndex = 0; path = "Hit jelly.app"; sourceTree = BUILT_PRODUCTS_DIR; };
		15FA343622CC95590003641F /* AppDelegate.swift */ = {isa = PBXFileReference; lastKnownFileType = sourcecode.swift; path = AppDelegate.swift; sourceTree = "<group>"; };
		15FA343822CC95590003641F /* ViewController.swift */ = {isa = PBXFileReference; lastKnownFileType = sourcecode.swift; path = ViewController.swift; sourceTree = "<group>"; };
		15FA343B22CC95590003641F /* Base */ = {isa = PBXFileReference; lastKnownFileType = file.storyboard; name = Base; path = Base.lproj/Main.storyboard; sourceTree = "<group>"; };
		15FA343E22CC95590003641F /* Hit_jelly.xcdatamodel */ = {isa = PBXFileReference; lastKnownFileType = wrapper.xcdatamodel; path = Hit_jelly.xcdatamodel; sourceTree = "<group>"; };
		15FA344022CC955D0003641F /* Assets.xcassets */ = {isa = PBXFileReference; lastKnownFileType = folder.assetcatalog; path = Assets.xcassets; sourceTree = "<group>"; };
		15FA344322CC955D0003641F /* Base */ = {isa = PBXFileReference; lastKnownFileType = file.storyboard; name = Base; path = Base.lproj/LaunchScreen.storyboard; sourceTree = "<group>"; };
		15FA344522CC955D0003641F /* Info.plist */ = {isa = PBXFileReference; lastKnownFileType = text.plist.xml; path = Info.plist; sourceTree = "<group>"; };
		15FA344E22CC9F350003641F /* Jellyfish.png */ = {isa = PBXFileReference; lastKnownFileType = image.png; path = Jellyfish.png; sourceTree = "<group>"; };
		15FA345922CCA24F0003641F /* arts.scnassets */ = {isa = PBXFileReference; lastKnownFileType = wrapper.scnassets; path = arts.scnassets; sourceTree = "<group>"; };
		2D5B5214F5474393C596CD0F /* Pods-Hit jelly.release.xcconfig */ = {isa = PBXFileReference; includeInIndex = 1; lastKnownFileType = text.xcconfig; name = "Pods-Hit jelly.release.xcconfig"; path = "Target Support Files/Pods-Hit jelly/Pods-Hit jelly.release.xcconfig"; sourceTree = "<group>"; };
		5BEA6A0FFE12D3E5CFABF3CA /* Pods-Hit jelly.debug.xcconfig */ = {isa = PBXFileReference; includeInIndex = 1; lastKnownFileType = text.xcconfig; name = "Pods-Hit jelly.debug.xcconfig"; path = "Target Support Files/Pods-Hit jelly/Pods-Hit jelly.debug.xcconfig"; sourceTree = "<group>"; };
		5E88A350C4F902E15076F3B6 /* Pods_Hit_jelly.framework */ = {isa = PBXFileReference; explicitFileType = wrapper.framework; includeInIndex = 0; path = Pods_Hit_jelly.framework; sourceTree = BUILT_PRODUCTS_DIR; };
/* End PBXFileReference section */

/* Begin PBXFrameworksBuildPhase section */
		15FA343022CC95590003641F /* Frameworks */ = {
			isa = PBXFrameworksBuildPhase;
			buildActionMask = 2147483647;
			files = (
				921822E1A05CDD2DD3F144AF /* Pods_Hit_jelly.framework in Frameworks */,
			);
			runOnlyForDeploymentPostprocessing = 0;
		};
/* End PBXFrameworksBuildPhase section */

/* Begin PBXGroup section */
		15FA342A22CC95590003641F = {
			isa = PBXGroup;
			children = (
				15FA343522CC95590003641F /* Hit jelly */,
				15FA343422CC95590003641F /* Products */,
				5989D6FB62379AE1FC665B37 /* Pods */,
				8CAD497FFC68954A55EB96F9 /* Frameworks */,
			);
			sourceTree = "<group>";
		};
		15FA343422CC95590003641F /* Products */ = {
			isa = PBXGroup;
			children = (
				15FA343322CC95590003641F /* Hit jelly.app */,
			);
			name = Products;
			sourceTree = "<group>";
		};
		15FA343522CC95590003641F /* Hit jelly */ = {
			isa = PBXGroup;
			children = (
				15FA344D22CC9F350003641F /* Textures */,
				15FA343622CC95590003641F /* AppDelegate.swift */,
				15FA343822CC95590003641F /* ViewController.swift */,
				15FA343A22CC95590003641F /* Main.storyboard */,
				15FA344022CC955D0003641F /* Assets.xcassets */,
				15FA344222CC955D0003641F /* LaunchScreen.storyboard */,
				15FA344522CC955D0003641F /* Info.plist */,
				15FA343D22CC95590003641F /* Hit_jelly.xcdatamodeld */,
				15FA345922CCA24F0003641F /* arts.scnassets */,
			);
			path = "Hit jelly";
			sourceTree = "<group>";
		};
		15FA344D22CC9F350003641F /* Textures */ = {
			isa = PBXGroup;
			children = (
				15FA344E22CC9F350003641F /* Jellyfish.png */,
			);
			path = Textures;
			sourceTree = "<group>";
		};
		5989D6FB62379AE1FC665B37 /* Pods */ = {
			isa = PBXGroup;
			children = (
				5BEA6A0FFE12D3E5CFABF3CA /* Pods-Hit jelly.debug.xcconfig */,
				2D5B5214F5474393C596CD0F /* Pods-Hit jelly.release.xcconfig */,
			);
			name = Pods;
			path = Pods;
			sourceTree = "<group>";
		};
		8CAD497FFC68954A55EB96F9 /* Frameworks */ = {
			isa = PBXGroup;
			children = (
				5E88A350C4F902E15076F3B6 /* Pods_Hit_jelly.framework */,
			);
			name = Frameworks;
			sourceTree = "<group>";
		};
/* End PBXGroup section */

/* Begin PBXNativeTarget section */
		15FA343222CC95590003641F /* Hit jelly */ = {
			isa = PBXNativeTarget;
			buildConfigurationList = 15FA344822CC955D0003641F /* Build configuration list for PBXNativeTarget "Hit jelly" */;
			buildPhases = (
				DC41C7D62B0A93DC108B66AB /* [CP] Check Pods Manifest.lock */,
				15FA342F22CC95590003641F /* Sources */,
				15FA343022CC95590003641F /* Frameworks */,
				15FA343122CC95590003641F /* Resources */,
				6EE08B02226853D5AD57F523 /* [CP] Embed Pods Frameworks */,
			);
			buildRules = (
			);
			dependencies = (
			);
			name = "Hit jelly";
			productName = "Hit jelly";
			productReference = 15FA343322CC95590003641F /* Hit jelly.app */;
			productType = "com.apple.product-type.application";
		};
/* End PBXNativeTarget section */

/* Begin PBXProject section */
		15FA342B22CC95590003641F /* Project object */ = {
			isa = PBXProject;
			attributes = {
				LastSwiftUpdateCheck = 1020;
				LastUpgradeCheck = 1020;
				ORGANIZATIONNAME = jiniguru;
				TargetAttributes = {
					15FA343222CC95590003641F = {
						CreatedOnToolsVersion = 10.2.1;
					};
				};
			};
			buildConfigurationList = 15FA342E22CC95590003641F /* Build configuration list for PBXProject "Hit jelly" */;
			compatibilityVersion = "Xcode 9.3";
			developmentRegion = en;
			hasScannedForEncodings = 0;
			knownRegions = (
				en,
				Base,
			);
			mainGroup = 15FA342A22CC95590003641F;
			productRefGroup = 15FA343422CC95590003641F /* Products */;
			projectDirPath = "";
			projectRoot = "";
			targets = (
				15FA343222CC95590003641F /* Hit jelly */,
			);
		};
/* End PBXProject section */

/* Begin PBXResourcesBuildPhase section */
		15FA343122CC95590003641F /* Resources */ = {
			isa = PBXResourcesBuildPhase;
			buildActionMask = 2147483647;
			files = (
				15FA344F22CC9F350003641F /* Jellyfish.png in Resources */,
				15FA344422CC955D0003641F /* LaunchScreen.storyboard in Resources */,
				15FA344122CC955D0003641F /* Assets.xcassets in Resources */,
				15FA343C22CC95590003641F /* Main.storyboard in Resources */,
				15FA345A22CCA24F0003641F /* arts.scnassets in Resources */,
			);
			runOnlyForDeploymentPostprocessing = 0;
		};
/* End PBXResourcesBuildPhase section */

/* Begin PBXShellScriptBuildPhase section */
		6EE08B02226853D5AD57F523 /* [CP] Embed Pods Frameworks */ = {
			isa = PBXShellScriptBuildPhase;
			buildActionMask = 2147483647;
			files = (
			);
			inputFileListPaths = (
				"${PODS_ROOT}/Target Support Files/Pods-Hit jelly/Pods-Hit jelly-frameworks-${CONFIGURATION}-input-files.xcfilelist",
			);
			name = "[CP] Embed Pods Frameworks";
			outputFileListPaths = (
				"${PODS_ROOT}/Target Support Files/Pods-Hit jelly/Pods-Hit jelly-frameworks-${CONFIGURATION}-output-files.xcfilelist",
			);
			runOnlyForDeploymentPostprocessing = 0;
			shellPath = /bin/sh;
			shellScript = "\"${PODS_ROOT}/Target Support Files/Pods-Hit jelly/Pods-Hit jelly-frameworks.sh\"\n";
			showEnvVarsInLog = 0;
		};
		DC41C7D62B0A93DC108B66AB /* [CP] Check Pods Manifest.lock */ = {
			isa = PBXShellScriptBuildPhase;
			buildActionMask = 2147483647;
			files = (
			);
			inputFileListPaths = (
			);
			inputPaths = (
				"${PODS_PODFILE_DIR_PATH}/Podfile.lock",
				"${PODS_ROOT}/Manifest.lock",
			);
			name = "[CP] Check Pods Manifest.lock";
			outputFileListPaths = (
			);
			outputPaths = (
				"$(DERIVED_FILE_DIR)/Pods-Hit jelly-checkManifestLockResult.txt",
			);
			runOnlyForDeploymentPostprocessing = 0;
			shellPath = /bin/sh;
			shellScript = "diff \"${PODS_PODFILE_DIR_PATH}/Podfile.lock\" \"${PODS_ROOT}/Manifest.lock\" > /dev/null\nif [ $? != 0 ] ; then\n    # print error to STDERR\n    echo \"error: The sandbox is not in sync with the Podfile.lock. Run 'pod install' or update your CocoaPods installation.\" >&2\n    exit 1\nfi\n# This output is used by Xcode 'outputs' to avoid re-running this script phase.\necho \"SUCCESS\" > \"${SCRIPT_OUTPUT_FILE_0}\"\n";
			showEnvVarsInLog = 0;
		};
/* End PBXShellScriptBuildPhase section */

/* Begin PBXSourcesBuildPhase section */
		15FA342F22CC95590003641F /* Sources */ = {
			isa = PBXSourcesBuildPhase;
			buildActionMask = 2147483647;
			files = (
				15FA343F22CC95590003641F /* Hit_jelly.xcdatamodeld in Sources */,
				15FA343922CC95590003641F /* ViewController.swift in Sources */,
				15FA343722CC95590003641F /* AppDelegate.swift in Sources */,
			);
			runOnlyForDeploymentPostprocessing = 0;
		};
/* End PBXSourcesBuildPhase section */

/* Begin PBXVariantGroup section */
		15FA343A22CC95590003641F /* Main.storyboard */ = {
			isa = PBXVariantGroup;
			children = (
				15FA343B22CC95590003641F /* Base */,
			);
			name = Main.storyboard;
			sourceTree = "<group>";
		};
		15FA344222CC955D0003641F /* LaunchScreen.storyboard */ = {
			isa = PBXVariantGroup;
			children = (
				15FA344322CC955D0003641F /* Base */,
			);
			name = LaunchScreen.storyboard;
			sourceTree = "<group>";
		};
/* End PBXVariantGroup section */

/* Begin XCBuildConfiguration section */
		15FA344622CC955D0003641F /* Debug */ = {
			isa = XCBuildConfiguration;
			buildSettings = {
				ALWAYS_SEARCH_USER_PATHS = NO;
				CLANG_ANALYZER_NONNULL = YES;
				CLANG_ANALYZER_NUMBER_OBJECT_CONVERSION = YES_AGGRESSIVE;
				CLANG_CXX_LANGUAGE_STANDARD = "gnu++14";
				CLANG_CXX_LIBRARY = "libc++";
				CLANG_ENABLE_MODULES = YES;
				CLANG_ENABLE_OBJC_ARC = YES;
				CLANG_ENABLE_OBJC_WEAK = YES;
				CLANG_WARN_BLOCK_CAPTURE_AUTORELEASING = YES;
				CLANG_WARN_BOOL_CONVERSION = YES;
				CLANG_WARN_COMMA = YES;
				CLANG_WARN_CONSTANT_CONVERSION = YES;
				CLANG_WARN_DEPRECATED_OBJC_IMPLEMENTATIONS = YES;
				CLANG_WARN_DIRECT_OBJC_ISA_USAGE = YES_ERROR;
				CLANG_WARN_DOCUMENTATION_COMMENTS = YES;
				CLANG_WARN_EMPTY_BODY = YES;
				CLANG_WARN_ENUM_CONVERSION = YES;
				CLANG_WARN_INFINITE_RECURSION = YES;
				CLANG_WARN_INT_CONVERSION = YES;
				CLANG_WARN_NON_LITERAL_NULL_CONVERSION = YES;
				CLANG_WARN_OBJC_IMPLICIT_RETAIN_SELF = YES;
				CLANG_WARN_OBJC_LITERAL_CONVERSION = YES;
				CLANG_WARN_OBJC_ROOT_CLASS = YES_ERROR;
				CLANG_WARN_RANGE_LOOP_ANALYSIS = YES;
				CLANG_WARN_STRICT_PROTOTYPES = YES;
				CLANG_WARN_SUSPICIOUS_MOVE = YES;
				CLANG_WARN_UNGUARDED_AVAILABILITY = YES_AGGRESSIVE;
				CLANG_WARN_UNREACHABLE_CODE = YES;
				CLANG_WARN__DUPLICATE_METHOD_MATCH = YES;
				CODE_SIGN_IDENTITY = "iPhone Developer";
				COPY_PHASE_STRIP = NO;
				DEBUG_INFORMATION_FORMAT = dwarf;
				ENABLE_STRICT_OBJC_MSGSEND = YES;
				ENABLE_TESTABILITY = YES;
				GCC_C_LANGUAGE_STANDARD = gnu11;
				GCC_DYNAMIC_NO_PIC = NO;
				GCC_NO_COMMON_BLOCKS = YES;
				GCC_OPTIMIZATION_LEVEL = 0;
				GCC_PREPROCESSOR_DEFINITIONS = (
					"DEBUG=1",
					"$(inherited)",
				);
				GCC_WARN_64_TO_32_BIT_CONVERSION = YES;
				GCC_WARN_ABOUT_RETURN_TYPE = YES_ERROR;
				GCC_WARN_UNDECLARED_SELECTOR = YES;
				GCC_WARN_UNINITIALIZED_AUTOS = YES_AGGRESSIVE;
				GCC_WARN_UNUSED_FUNCTION = YES;
				GCC_WARN_UNUSED_VARIABLE = YES;
				IPHONEOS_DEPLOYMENT_TARGET = 12.2;
				MTL_ENABLE_DEBUG_INFO = INCLUDE_SOURCE;
				MTL_FAST_MATH = YES;
				ONLY_ACTIVE_ARCH = YES;
				SDKROOT = iphoneos;
				SWIFT_ACTIVE_COMPILATION_CONDITIONS = DEBUG;
				SWIFT_OPTIMIZATION_LEVEL = "-Onone";
			};
			name = Debug;
		};
		15FA344722CC955D0003641F /* Release */ = {
			isa = XCBuildConfiguration;
			buildSettings = {
				ALWAYS_SEARCH_USER_PATHS = NO;
				CLANG_ANALYZER_NONNULL = YES;
				CLANG_ANALYZER_NUMBER_OBJECT_CONVERSION = YES_AGGRESSIVE;
				CLANG_CXX_LANGUAGE_STANDARD = "gnu++14";
				CLANG_CXX_LIBRARY = "libc++";
				CLANG_ENABLE_MODULES = YES;
				CLANG_ENABLE_OBJC_ARC = YES;
				CLANG_ENABLE_OBJC_WEAK = YES;
				CLANG_WARN_BLOCK_CAPTURE_AUTORELEASING = YES;
				CLANG_WARN_BOOL_CONVERSION = YES;
				CLANG_WARN_COMMA = YES;
				CLANG_WARN_CONSTANT_CONVERSION = YES;
				CLANG_WARN_DEPRECATED_OBJC_IMPLEMENTATIONS = YES;
				CLANG_WARN_DIRECT_OBJC_ISA_USAGE = YES_ERROR;
				CLANG_WARN_DOCUMENTATION_COMMENTS = YES;
				CLANG_WARN_EMPTY_BODY = YES;
				CLANG_WARN_ENUM_CONVERSION = YES;
				CLANG_WARN_INFINITE_RECURSION = YES;
				CLANG_WARN_INT_CONVERSION = YES;
				CLANG_WARN_NON_LITERAL_NULL_CONVERSION = YES;
				CLANG_WARN_OBJC_IMPLICIT_RETAIN_SELF = YES;
				CLANG_WARN_OBJC_LITERAL_CONVERSION = YES;
				CLANG_WARN_OBJC_ROOT_CLASS = YES_ERROR;
				CLANG_WARN_RANGE_LOOP_ANALYSIS = YES;
				CLANG_WARN_STRICT_PROTOTYPES = YES;
				CLANG_WARN_SUSPICIOUS_MOVE = YES;
				CLANG_WARN_UNGUARDED_AVAILABILITY = YES_AGGRESSIVE;
				CLANG_WARN_UNREACHABLE_CODE = YES;
				CLANG_WARN__DUPLICATE_METHOD_MATCH = YES;
				CODE_SIGN_IDENTITY = "iPhone Developer";
				COPY_PHASE_STRIP = NO;
				DEBUG_INFORMATION_FORMAT = "dwarf-with-dsym";
				ENABLE_NS_ASSERTIONS = NO;
				ENABLE_STRICT_OBJC_MSGSEND = YES;
				GCC_C_LANGUAGE_STANDARD = gnu11;
				GCC_NO_COMMON_BLOCKS = YES;
				GCC_WARN_64_TO_32_BIT_CONVERSION = YES;
				GCC_WARN_ABOUT_RETURN_TYPE = YES_ERROR;
				GCC_WARN_UNDECLARED_SELECTOR = YES;
				GCC_WARN_UNINITIALIZED_AUTOS = YES_AGGRESSIVE;
				GCC_WARN_UNUSED_FUNCTION = YES;
				GCC_WARN_UNUSED_VARIABLE = YES;
				IPHONEOS_DEPLOYMENT_TARGET = 12.2;
				MTL_ENABLE_DEBUG_INFO = NO;
				MTL_FAST_MATH = YES;
				SDKROOT = iphoneos;
				SWIFT_COMPILATION_MODE = wholemodule;
				SWIFT_OPTIMIZATION_LEVEL = "-O";
				VALIDATE_PRODUCT = YES;
			};
			name = Release;
		};
		15FA344922CC955D0003641F /* Debug */ = {
			isa = XCBuildConfiguration;
			baseConfigurationReference = 5BEA6A0FFE12D3E5CFABF3CA /* Pods-Hit jelly.debug.xcconfig */;
			buildSettings = {
				ASSETCATALOG_COMPILER_APPICON_NAME = AppIcon;
				CODE_SIGN_STYLE = Automatic;
				DEVELOPMENT_TEAM = 8VL2VD9YVV;
				INFOPLIST_FILE = "Hit jelly/Info.plist";
				LD_RUNPATH_SEARCH_PATHS = (
					"$(inherited)",
					"@executable_path/Frameworks",
				);
				PRODUCT_BUNDLE_IDENTIFIER = "com.jiniguru.Hit-jelly";
				PRODUCT_NAME = "$(TARGET_NAME)";
				SWIFT_VERSION = 5.0;
				TARGETED_DEVICE_FAMILY = "1,2";
			};
			name = Debug;
		};
		15FA344A22CC955D0003641F /* Release */ = {
			isa = XCBuildConfiguration;
			baseConfigurationReference = 2D5B5214F5474393C596CD0F /* Pods-Hit jelly.release.xcconfig */;
			buildSettings = {
				ASSETCATALOG_COMPILER_APPICON_NAME = AppIcon;
				CODE_SIGN_STYLE = Automatic;
				DEVELOPMENT_TEAM = 8VL2VD9YVV;
				INFOPLIST_FILE = "Hit jelly/Info.plist";
				LD_RUNPATH_SEARCH_PATHS = (
					"$(inherited)",
					"@executable_path/Frameworks",
				);
				PRODUCT_BUNDLE_IDENTIFIER = "com.jiniguru.Hit-jelly";
				PRODUCT_NAME = "$(TARGET_NAME)";
				SWIFT_VERSION = 5.0;
				TARGETED_DEVICE_FAMILY = "1,2";
			};
			name = Release;
		};
/* End XCBuildConfiguration section */

/* Begin XCConfigurationList section */
		15FA342E22CC95590003641F /* Build configuration list for PBXProject "Hit jelly" */ = {
			isa = XCConfigurationList;
			buildConfigurations = (
				15FA344622CC955D0003641F /* Debug */,
				15FA344722CC955D0003641F /* Release */,
			);
			defaultConfigurationIsVisible = 0;
			defaultConfigurationName = Release;
		};
		15FA344822CC955D0003641F /* Build configuration list for PBXNativeTarget "Hit jelly" */ = {
			isa = XCConfigurationList;
			buildConfigurations = (
				15FA344922CC955D0003641F /* Debug */,
				15FA344A22CC955D0003641F /* Release */,
			);
			defaultConfigurationIsVisible = 0;
			defaultConfigurationName = Release;
		};
/* End XCConfigurationList section */

/* Begin XCVersionGroup section */
		15FA343D22CC95590003641F /* Hit_jelly.xcdatamodeld */ = {
			isa = XCVersionGroup;
			children = (
				15FA343E22CC95590003641F /* Hit_jelly.xcdatamodel */,
			);
			currentVersion = 15FA343E22CC95590003641F /* Hit_jelly.xcdatamodel */;
			path = Hit_jelly.xcdatamodeld;
			sourceTree = "<group>";
			versionGroupType = wrapper.xcdatamodel;
		};
/* End XCVersionGroup section */
	};
	rootObject = 15FA342B22CC95590003641F /* Project object */;
}
